
Microsoft Visual Studio Solution File, Format Version 12.00
# Visual Studio 15
VisualStudioVersion = 15.0.28307.1000
MinimumVisualStudioVersion = 10.0.40219.1
Project("{FAE04EC0-301F-11D3-BF4B-00C04F79EFBC}") = "DirStack", "DirStack\DirStack.csproj", "{13865106-065C-4EA6-A23F-0C4BB7D5E5F8}"
EndProject
Project("{FAE04EC0-301F-11D3-BF4B-00C04F79EFBC}") = "DirStackTests", "DirStackTests\DirStackTests.csproj", "{BD000A6F-0280-49D0-893C-4D9BD4E2C5FF}"
EndProject
Global
	GlobalSection(SolutionConfigurationPlatforms) = preSolution
		Debug|Any CPU = Debug|Any CPU
		Release|Any CPU = Release|Any CPU
	EndGlobalSection
	GlobalSection(ProjectConfigurationPlatforms) = postSolution
		{13865106-065C-4EA6-A23F-0C4BB7D5E5F8}.Debug|Any CPU.ActiveCfg = Debug|Any CPU
		{13865106-065C-4EA6-A23F-0C4BB7D5E5F8}.Debug|Any CPU.Build.0 = Debug|Any CPU
		{13865106-065C-4EA6-A23F-0C4BB7D5E5F8}.Release|Any CPU.ActiveCfg = Release|Any CPU
		{13865106-065C-4EA6-A23F-0C4BB7D5E5F8}.Release|Any CPU.Build.0 = Release|Any CPU
		{BD000A6F-0280-49D0-893C-4D9BD4E2C5FF}.Debug|Any CPU.ActiveCfg = Debug|Any CPU
		{BD000A6F-0280-49D0-893C-4D9BD4E2C5FF}.Debug|Any CPU.Build.0 = Debug|Any CPU
		{BD000A6F-0280-49D0-893C-4D9BD4E2C5FF}.Release|Any CPU.ActiveCfg = Release|Any CPU
		{BD000A6F-0280-49D0-893C-4D9BD4E2C5FF}.Release|Any CPU.Build.0 = Release|Any CPU
	EndGlobalSection
	GlobalSection(SolutionProperties) = preSolution
		HideSolutionNode = FALSE
	EndGlobalSection
	GlobalSection(ExtensibilityGlobals) = postSolution
		SolutionGuid = {359AC5DD-F5CD-4B25-9D7A-7C4C03D8A62A}
	EndGlobalSection
EndGlobal
